// !$*UTF8*$!
{
	archiveVersion = 1;
	classes = {
	};
	objectVersion = 50;
	objects = {

/* Begin PBXBuildFile section */
		1DAD4FCD04BFFD216A0AD3C3 /* Pods_TaleBookTests.framework in Frameworks */ = {isa = PBXBuildFile; fileRef = 1E02162586915246DE1A5978 /* Pods_TaleBookTests.framework */; };
		6BFFD898951875B236773A08 /* Pods_TaleBook.framework in Frameworks */ = {isa = PBXBuildFile; fileRef = E33ACD1A8F9E2F8C0510AFF6 /* Pods_TaleBook.framework */; };
		7E6D8568236A490E006CC679 /* AppDelegate.swift in Sources */ = {isa = PBXBuildFile; fileRef = 7E6D8567236A490E006CC679 /* AppDelegate.swift */; };
		7E6D856A236A490E006CC679 /* ViewController.swift in Sources */ = {isa = PBXBuildFile; fileRef = 7E6D8569236A490E006CC679 /* ViewController.swift */; };
		7E6D856D236A490E006CC679 /* Main.storyboard in Resources */ = {isa = PBXBuildFile; fileRef = 7E6D856B236A490E006CC679 /* Main.storyboard */; };
		7E6D856F236A490F006CC679 /* Assets.xcassets in Resources */ = {isa = PBXBuildFile; fileRef = 7E6D856E236A490F006CC679 /* Assets.xcassets */; };
		7E6D8572236A490F006CC679 /* LaunchScreen.storyboard in Resources */ = {isa = PBXBuildFile; fileRef = 7E6D8570236A490F006CC679 /* LaunchScreen.storyboard */; };
		7E6D857D236A490F006CC679 /* TaleBookTests.swift in Sources */ = {isa = PBXBuildFile; fileRef = 7E6D857C236A490F006CC679 /* TaleBookTests.swift */; };
		7E6D858C236A4CE4006CC679 /* PostViewCell.swift in Sources */ = {isa = PBXBuildFile; fileRef = 7E6D858A236A4CE4006CC679 /* PostViewCell.swift */; };
		7E6D858D236A4CE4006CC679 /* PostViewCell.xib in Resources */ = {isa = PBXBuildFile; fileRef = 7E6D858B236A4CE4006CC679 /* PostViewCell.xib */; };
		7E6D8590236A555C006CC679 /* SocialMediaPost.swift in Sources */ = {isa = PBXBuildFile; fileRef = 7E6D858F236A555C006CC679 /* SocialMediaPost.swift */; };
		7E6D8592236A55D2006CC679 /* Author.swift in Sources */ = {isa = PBXBuildFile; fileRef = 7E6D8591236A55D2006CC679 /* Author.swift */; };
		7E6D8594236A5646006CC679 /* PostText.swift in Sources */ = {isa = PBXBuildFile; fileRef = 7E6D8593236A5646006CC679 /* PostText.swift */; };
		7E6D8596236A5670006CC679 /* Markup.swift in Sources */ = {isa = PBXBuildFile; fileRef = 7E6D8595236A5670006CC679 /* Markup.swift */; };
		7E6D8598236A5716006CC679 /* PostAttachment.swift in Sources */ = {isa = PBXBuildFile; fileRef = 7E6D8597236A5716006CC679 /* PostAttachment.swift */; };
		7E6D859B236A588B006CC679 /* HomePresenter.swift in Sources */ = {isa = PBXBuildFile; fileRef = 7E6D859A236A588B006CC679 /* HomePresenter.swift */; };
		7E6D859E236A5982006CC679 /* GetPosts.swift in Sources */ = {isa = PBXBuildFile; fileRef = 7E6D859D236A5982006CC679 /* GetPosts.swift */; };
		7E6D85A0236A5AC5006CC679 /* GetPostsImpl.swift in Sources */ = {isa = PBXBuildFile; fileRef = 7E6D859F236A5AC5006CC679 /* GetPostsImpl.swift */; };
		7E6D85A5236A5BF8006CC679 /* GetPostsService.swift in Sources */ = {isa = PBXBuildFile; fileRef = 7E6D85A4236A5BF8006CC679 /* GetPostsService.swift */; };
		7E6D85A7236A5DA3006CC679 /* UseCaseImpl.swift in Sources */ = {isa = PBXBuildFile; fileRef = 7E6D85A6236A5DA3006CC679 /* UseCaseImpl.swift */; };
		7E6D85AA236A611D006CC679 /* URLSessionExtension.swift in Sources */ = {isa = PBXBuildFile; fileRef = 7E6D85A9236A611D006CC679 /* URLSessionExtension.swift */; };
		7E6D85AC236A6DF5006CC679 /* Service.swift in Sources */ = {isa = PBXBuildFile; fileRef = 7E6D85AB236A6DF5006CC679 /* Service.swift */; };
/* End PBXBuildFile section */

/* Begin PBXContainerItemProxy section */
		7E6D8579236A490F006CC679 /* PBXContainerItemProxy */ = {
			isa = PBXContainerItemProxy;
			containerPortal = 7E6D855C236A490E006CC679 /* Project object */;
			proxyType = 1;
			remoteGlobalIDString = 7E6D8563236A490E006CC679;
			remoteInfo = TaleBook;
		};
/* End PBXContainerItemProxy section */

/* Begin PBXFileReference section */
		1E02162586915246DE1A5978 /* Pods_TaleBookTests.framework */ = {isa = PBXFileReference; explicitFileType = wrapper.framework; includeInIndex = 0; path = Pods_TaleBookTests.framework; sourceTree = BUILT_PRODUCTS_DIR; };
		24EC787BD9237EDC301A5B94 /* Pods-TaleBookTests.debug.xcconfig */ = {isa = PBXFileReference; includeInIndex = 1; lastKnownFileType = text.xcconfig; name = "Pods-TaleBookTests.debug.xcconfig"; path = "Target Support Files/Pods-TaleBookTests/Pods-TaleBookTests.debug.xcconfig"; sourceTree = "<group>"; };
		299894A92DD4B0D02D31AB60 /* Pods-TaleBook.debug.xcconfig */ = {isa = PBXFileReference; includeInIndex = 1; lastKnownFileType = text.xcconfig; name = "Pods-TaleBook.debug.xcconfig"; path = "Target Support Files/Pods-TaleBook/Pods-TaleBook.debug.xcconfig"; sourceTree = "<group>"; };
		318D3A2A1DE9E3550F93851F /* Pods-TaleBookTests.release.xcconfig */ = {isa = PBXFileReference; includeInIndex = 1; lastKnownFileType = text.xcconfig; name = "Pods-TaleBookTests.release.xcconfig"; path = "Target Support Files/Pods-TaleBookTests/Pods-TaleBookTests.release.xcconfig"; sourceTree = "<group>"; };
		7E6D8564236A490E006CC679 /* TaleBook.app */ = {isa = PBXFileReference; explicitFileType = wrapper.application; includeInIndex = 0; path = TaleBook.app; sourceTree = BUILT_PRODUCTS_DIR; };
		7E6D8567236A490E006CC679 /* AppDelegate.swift */ = {isa = PBXFileReference; lastKnownFileType = sourcecode.swift; path = AppDelegate.swift; sourceTree = "<group>"; };
		7E6D8569236A490E006CC679 /* ViewController.swift */ = {isa = PBXFileReference; lastKnownFileType = sourcecode.swift; path = ViewController.swift; sourceTree = "<group>"; };
		7E6D856C236A490E006CC679 /* Base */ = {isa = PBXFileReference; lastKnownFileType = file.storyboard; name = Base; path = Base.lproj/Main.storyboard; sourceTree = "<group>"; };
		7E6D856E236A490F006CC679 /* Assets.xcassets */ = {isa = PBXFileReference; lastKnownFileType = folder.assetcatalog; path = Assets.xcassets; sourceTree = "<group>"; };
		7E6D8571236A490F006CC679 /* Base */ = {isa = PBXFileReference; lastKnownFileType = file.storyboard; name = Base; path = Base.lproj/LaunchScreen.storyboard; sourceTree = "<group>"; };
		7E6D8573236A490F006CC679 /* Info.plist */ = {isa = PBXFileReference; lastKnownFileType = text.plist.xml; path = Info.plist; sourceTree = "<group>"; };
		7E6D8578236A490F006CC679 /* TaleBookTests.xctest */ = {isa = PBXFileReference; explicitFileType = wrapper.cfbundle; includeInIndex = 0; path = TaleBookTests.xctest; sourceTree = BUILT_PRODUCTS_DIR; };
		7E6D857C236A490F006CC679 /* TaleBookTests.swift */ = {isa = PBXFileReference; lastKnownFileType = sourcecode.swift; path = TaleBookTests.swift; sourceTree = "<group>"; };
		7E6D857E236A490F006CC679 /* Info.plist */ = {isa = PBXFileReference; lastKnownFileType = text.plist.xml; path = Info.plist; sourceTree = "<group>"; };
		7E6D858A236A4CE4006CC679 /* PostViewCell.swift */ = {isa = PBXFileReference; lastKnownFileType = sourcecode.swift; path = PostViewCell.swift; sourceTree = "<group>"; };
		7E6D858B236A4CE4006CC679 /* PostViewCell.xib */ = {isa = PBXFileReference; lastKnownFileType = file.xib; path = PostViewCell.xib; sourceTree = "<group>"; };
		7E6D858F236A555C006CC679 /* SocialMediaPost.swift */ = {isa = PBXFileReference; lastKnownFileType = sourcecode.swift; path = SocialMediaPost.swift; sourceTree = "<group>"; };
		7E6D8591236A55D2006CC679 /* Author.swift */ = {isa = PBXFileReference; lastKnownFileType = sourcecode.swift; path = Author.swift; sourceTree = "<group>"; };
		7E6D8593236A5646006CC679 /* PostText.swift */ = {isa = PBXFileReference; lastKnownFileType = sourcecode.swift; path = PostText.swift; sourceTree = "<group>"; };
		7E6D8595236A5670006CC679 /* Markup.swift */ = {isa = PBXFileReference; lastKnownFileType = sourcecode.swift; path = Markup.swift; sourceTree = "<group>"; };
		7E6D8597236A5716006CC679 /* PostAttachment.swift */ = {isa = PBXFileReference; lastKnownFileType = sourcecode.swift; path = PostAttachment.swift; sourceTree = "<group>"; };
		7E6D859A236A588B006CC679 /* HomePresenter.swift */ = {isa = PBXFileReference; lastKnownFileType = sourcecode.swift; path = HomePresenter.swift; sourceTree = "<group>"; };
		7E6D859D236A5982006CC679 /* GetPosts.swift */ = {isa = PBXFileReference; lastKnownFileType = sourcecode.swift; path = GetPosts.swift; sourceTree = "<group>"; };
		7E6D859F236A5AC5006CC679 /* GetPostsImpl.swift */ = {isa = PBXFileReference; lastKnownFileType = sourcecode.swift; path = GetPostsImpl.swift; sourceTree = "<group>"; };
		7E6D85A4236A5BF8006CC679 /* GetPostsService.swift */ = {isa = PBXFileReference; lastKnownFileType = sourcecode.swift; path = GetPostsService.swift; sourceTree = "<group>"; };
		7E6D85A6236A5DA3006CC679 /* UseCaseImpl.swift */ = {isa = PBXFileReference; lastKnownFileType = sourcecode.swift; path = UseCaseImpl.swift; sourceTree = "<group>"; };
		7E6D85A9236A611D006CC679 /* URLSessionExtension.swift */ = {isa = PBXFileReference; lastKnownFileType = sourcecode.swift; path = URLSessionExtension.swift; sourceTree = "<group>"; };
		7E6D85AB236A6DF5006CC679 /* Service.swift */ = {isa = PBXFileReference; fileEncoding = 4; lastKnownFileType = sourcecode.swift; name = Service.swift; path = ../../../../.Trash/Service.swift; sourceTree = "<group>"; };
		95B987A537EFD56DC4214188 /* Pods-TaleBook.release.xcconfig */ = {isa = PBXFileReference; includeInIndex = 1; lastKnownFileType = text.xcconfig; name = "Pods-TaleBook.release.xcconfig"; path = "Target Support Files/Pods-TaleBook/Pods-TaleBook.release.xcconfig"; sourceTree = "<group>"; };
		E33ACD1A8F9E2F8C0510AFF6 /* Pods_TaleBook.framework */ = {isa = PBXFileReference; explicitFileType = wrapper.framework; includeInIndex = 0; path = Pods_TaleBook.framework; sourceTree = BUILT_PRODUCTS_DIR; };
/* End PBXFileReference section */

/* Begin PBXFrameworksBuildPhase section */
		7E6D8561236A490E006CC679 /* Frameworks */ = {
			isa = PBXFrameworksBuildPhase;
			buildActionMask = 2147483647;
			files = (
				6BFFD898951875B236773A08 /* Pods_TaleBook.framework in Frameworks */,
			);
			runOnlyForDeploymentPostprocessing = 0;
		};
		7E6D8575236A490F006CC679 /* Frameworks */ = {
			isa = PBXFrameworksBuildPhase;
			buildActionMask = 2147483647;
			files = (
				1DAD4FCD04BFFD216A0AD3C3 /* Pods_TaleBookTests.framework in Frameworks */,
			);
			runOnlyForDeploymentPostprocessing = 0;
		};
/* End PBXFrameworksBuildPhase section */

/* Begin PBXGroup section */
		5D69F8A2BE0B5721F7F40DF1 /* Frameworks */ = {
			isa = PBXGroup;
			children = (
				E33ACD1A8F9E2F8C0510AFF6 /* Pods_TaleBook.framework */,
				1E02162586915246DE1A5978 /* Pods_TaleBookTests.framework */,
			);
			name = Frameworks;
			sourceTree = "<group>";
		};
		7E6D855B236A490E006CC679 = {
			isa = PBXGroup;
			children = (
				7E6D8566236A490E006CC679 /* TaleBook */,
				7E6D857B236A490F006CC679 /* TaleBookTests */,
				7E6D8565236A490E006CC679 /* Products */,
				A78E46E0F2AF040FAD3093A5 /* Pods */,
				5D69F8A2BE0B5721F7F40DF1 /* Frameworks */,
			);
			sourceTree = "<group>";
		};
		7E6D8565236A490E006CC679 /* Products */ = {
			isa = PBXGroup;
			children = (
				7E6D8564236A490E006CC679 /* TaleBook.app */,
				7E6D8578236A490F006CC679 /* TaleBookTests.xctest */,
			);
			name = Products;
			sourceTree = "<group>";
		};
		7E6D8566236A490E006CC679 /* TaleBook */ = {
			isa = PBXGroup;
			children = (
				7E6D85A8236A60E0006CC679 /* Extension */,
				7E6D85A1236A5B62006CC679 /* Services */,
				7E6D859C236A595E006CC679 /* UseCases */,
				7E6D8599236A5871006CC679 /* Presenter */,
				7E6D858E236A5544006CC679 /* Entities */,
				7E6D8587236A4C2C006CC679 /* PostViewCell */,
				7E6D8567236A490E006CC679 /* AppDelegate.swift */,
				7E6D8569236A490E006CC679 /* ViewController.swift */,
				7E6D856B236A490E006CC679 /* Main.storyboard */,
				7E6D856E236A490F006CC679 /* Assets.xcassets */,
				7E6D8570236A490F006CC679 /* LaunchScreen.storyboard */,
				7E6D8573236A490F006CC679 /* Info.plist */,
			);
			path = TaleBook;
			sourceTree = "<group>";
		};
		7E6D857B236A490F006CC679 /* TaleBookTests */ = {
			isa = PBXGroup;
			children = (
				7E6D857C236A490F006CC679 /* TaleBookTests.swift */,
				7E6D857E236A490F006CC679 /* Info.plist */,
			);
			path = TaleBookTests;
			sourceTree = "<group>";
		};
		7E6D8587236A4C2C006CC679 /* PostViewCell */ = {
			isa = PBXGroup;
			children = (
				7E6D858A236A4CE4006CC679 /* PostViewCell.swift */,
				7E6D858B236A4CE4006CC679 /* PostViewCell.xib */,
			);
			path = PostViewCell;
			sourceTree = "<group>";
		};
		7E6D858E236A5544006CC679 /* Entities */ = {
			isa = PBXGroup;
			children = (
				7E6D858F236A555C006CC679 /* SocialMediaPost.swift */,
				7E6D8591236A55D2006CC679 /* Author.swift */,
				7E6D8593236A5646006CC679 /* PostText.swift */,
				7E6D8595236A5670006CC679 /* Markup.swift */,
				7E6D8597236A5716006CC679 /* PostAttachment.swift */,
			);
			path = Entities;
			sourceTree = "<group>";
		};
		7E6D8599236A5871006CC679 /* Presenter */ = {
			isa = PBXGroup;
			children = (
				7E6D859A236A588B006CC679 /* HomePresenter.swift */,
			);
			path = Presenter;
			sourceTree = "<group>";
		};
		7E6D859C236A595E006CC679 /* UseCases */ = {
			isa = PBXGroup;
			children = (
				7E6D85A6236A5DA3006CC679 /* UseCaseImpl.swift */,
				7E6D859D236A5982006CC679 /* GetPosts.swift */,
				7E6D859F236A5AC5006CC679 /* GetPostsImpl.swift */,
			);
			path = UseCases;
			sourceTree = "<group>";
		};
		7E6D85A1236A5B62006CC679 /* Services */ = {
			isa = PBXGroup;
			children = (
				7E6D85AB236A6DF5006CC679 /* Service.swift */,
				7E6D85A4236A5BF8006CC679 /* GetPostsService.swift */,
			);
			path = Services;
			sourceTree = "<group>";
		};
		7E6D85A8236A60E0006CC679 /* Extension */ = {
			isa = PBXGroup;
			children = (
				7E6D85A9236A611D006CC679 /* URLSessionExtension.swift */,
			);
			path = Extension;
			sourceTree = "<group>";
		};
		A78E46E0F2AF040FAD3093A5 /* Pods */ = {
			isa = PBXGroup;
			children = (
				299894A92DD4B0D02D31AB60 /* Pods-TaleBook.debug.xcconfig */,
				95B987A537EFD56DC4214188 /* Pods-TaleBook.release.xcconfig */,
				24EC787BD9237EDC301A5B94 /* Pods-TaleBookTests.debug.xcconfig */,
				318D3A2A1DE9E3550F93851F /* Pods-TaleBookTests.release.xcconfig */,
			);
			path = Pods;
			sourceTree = "<group>";
		};
/* End PBXGroup section */

/* Begin PBXNativeTarget section */
		7E6D8563236A490E006CC679 /* TaleBook */ = {
			isa = PBXNativeTarget;
			buildConfigurationList = 7E6D8581236A490F006CC679 /* Build configuration list for PBXNativeTarget "TaleBook" */;
			buildPhases = (
				103ADD06BF53E71D947833BD /* [CP] Check Pods Manifest.lock */,
				7E6D8560236A490E006CC679 /* Sources */,
				7E6D8561236A490E006CC679 /* Frameworks */,
				7E6D8562236A490E006CC679 /* Resources */,
			);
			buildRules = (
			);
			dependencies = (
			);
			name = TaleBook;
			productName = TaleBook;
			productReference = 7E6D8564236A490E006CC679 /* TaleBook.app */;
			productType = "com.apple.product-type.application";
		};
		7E6D8577236A490F006CC679 /* TaleBookTests */ = {
			isa = PBXNativeTarget;
			buildConfigurationList = 7E6D8584236A490F006CC679 /* Build configuration list for PBXNativeTarget "TaleBookTests" */;
			buildPhases = (
				30AC6DB814DA26359B873BC8 /* [CP] Check Pods Manifest.lock */,
				7E6D8574236A490F006CC679 /* Sources */,
				7E6D8575236A490F006CC679 /* Frameworks */,
				7E6D8576236A490F006CC679 /* Resources */,
			);
			buildRules = (
			);
			dependencies = (
				7E6D857A236A490F006CC679 /* PBXTargetDependency */,
			);
			name = TaleBookTests;
			productName = TaleBookTests;
			productReference = 7E6D8578236A490F006CC679 /* TaleBookTests.xctest */;
			productType = "com.apple.product-type.bundle.unit-test";
		};
/* End PBXNativeTarget section */

/* Begin PBXProject section */
		7E6D855C236A490E006CC679 /* Project object */ = {
			isa = PBXProject;
			attributes = {
				LastSwiftUpdateCheck = 1030;
				LastUpgradeCheck = 1030;
				ORGANIZATIONNAME = "Andres Felipe Guzman Lopez";
				TargetAttributes = {
					7E6D8563236A490E006CC679 = {
						CreatedOnToolsVersion = 10.3;
					};
					7E6D8577236A490F006CC679 = {
						CreatedOnToolsVersion = 10.3;
						TestTargetID = 7E6D8563236A490E006CC679;
					};
				};
			};
			buildConfigurationList = 7E6D855F236A490E006CC679 /* Build configuration list for PBXProject "TaleBook" */;
			compatibilityVersion = "Xcode 9.3";
			developmentRegion = en;
			hasScannedForEncodings = 0;
			knownRegions = (
				en,
				Base,
			);
			mainGroup = 7E6D855B236A490E006CC679;
			productRefGroup = 7E6D8565236A490E006CC679 /* Products */;
			projectDirPath = "";
			projectRoot = "";
			targets = (
				7E6D8563236A490E006CC679 /* TaleBook */,
				7E6D8577236A490F006CC679 /* TaleBookTests */,
			);
		};
/* End PBXProject section */

/* Begin PBXResourcesBuildPhase section */
		7E6D8562236A490E006CC679 /* Resources */ = {
			isa = PBXResourcesBuildPhase;
			buildActionMask = 2147483647;
			files = (
				7E6D8572236A490F006CC679 /* LaunchScreen.storyboard in Resources */,
				7E6D856F236A490F006CC679 /* Assets.xcassets in Resources */,
				7E6D858D236A4CE4006CC679 /* PostViewCell.xib in Resources */,
				7E6D856D236A490E006CC679 /* Main.storyboard in Resources */,
			);
			runOnlyForDeploymentPostprocessing = 0;
		};
		7E6D8576236A490F006CC679 /* Resources */ = {
			isa = PBXResourcesBuildPhase;
			buildActionMask = 2147483647;
			files = (
			);
			runOnlyForDeploymentPostprocessing = 0;
		};
/* End PBXResourcesBuildPhase section */

/* Begin PBXShellScriptBuildPhase section */
		103ADD06BF53E71D947833BD /* [CP] Check Pods Manifest.lock */ = {
			isa = PBXShellScriptBuildPhase;
			buildActionMask = 2147483647;
			files = (
			);
			inputFileListPaths = (
			);
			inputPaths = (
				"${PODS_PODFILE_DIR_PATH}/Podfile.lock",
				"${PODS_ROOT}/Manifest.lock",
			);
			name = "[CP] Check Pods Manifest.lock";
			outputFileListPaths = (
			);
			outputPaths = (
				"$(DERIVED_FILE_DIR)/Pods-TaleBook-checkManifestLockResult.txt",
			);
			runOnlyForDeploymentPostprocessing = 0;
			shellPath = /bin/sh;
			shellScript = "diff \"${PODS_PODFILE_DIR_PATH}/Podfile.lock\" \"${PODS_ROOT}/Manifest.lock\" > /dev/null\nif [ $? != 0 ] ; then\n    # print error to STDERR\n    echo \"error: The sandbox is not in sync with the Podfile.lock. Run 'pod install' or update your CocoaPods installation.\" >&2\n    exit 1\nfi\n# This output is used by Xcode 'outputs' to avoid re-running this script phase.\necho \"SUCCESS\" > \"${SCRIPT_OUTPUT_FILE_0}\"\n";
			showEnvVarsInLog = 0;
		};
		30AC6DB814DA26359B873BC8 /* [CP] Check Pods Manifest.lock */ = {
			isa = PBXShellScriptBuildPhase;
			buildActionMask = 2147483647;
			files = (
			);
			inputFileListPaths = (
			);
			inputPaths = (
				"${PODS_PODFILE_DIR_PATH}/Podfile.lock",
				"${PODS_ROOT}/Manifest.lock",
			);
			name = "[CP] Check Pods Manifest.lock";
			outputFileListPaths = (
			);
			outputPaths = (
				"$(DERIVED_FILE_DIR)/Pods-TaleBookTests-checkManifestLockResult.txt",
			);
			runOnlyForDeploymentPostprocessing = 0;
			shellPath = /bin/sh;
			shellScript = "diff \"${PODS_PODFILE_DIR_PATH}/Podfile.lock\" \"${PODS_ROOT}/Manifest.lock\" > /dev/null\nif [ $? != 0 ] ; then\n    # print error to STDERR\n    echo \"error: The sandbox is not in sync with the Podfile.lock. Run 'pod install' or update your CocoaPods installation.\" >&2\n    exit 1\nfi\n# This output is used by Xcode 'outputs' to avoid re-running this script phase.\necho \"SUCCESS\" > \"${SCRIPT_OUTPUT_FILE_0}\"\n";
			showEnvVarsInLog = 0;
		};
/* End PBXShellScriptBuildPhase section */

/* Begin PBXSourcesBuildPhase section */
		7E6D8560236A490E006CC679 /* Sources */ = {
			isa = PBXSourcesBuildPhase;
			buildActionMask = 2147483647;
			files = (
				7E6D859E236A5982006CC679 /* GetPosts.swift in Sources */,
				7E6D8594236A5646006CC679 /* PostText.swift in Sources */,
				7E6D85AC236A6DF5006CC679 /* Service.swift in Sources */,
				7E6D858C236A4CE4006CC679 /* PostViewCell.swift in Sources */,
				7E6D8590236A555C006CC679 /* SocialMediaPost.swift in Sources */,
				7E6D8596236A5670006CC679 /* Markup.swift in Sources */,
				7E6D85AA236A611D006CC679 /* URLSessionExtension.swift in Sources */,
				7E6D85A0236A5AC5006CC679 /* GetPostsImpl.swift in Sources */,
				7E6D856A236A490E006CC679 /* ViewController.swift in Sources */,
				7E6D85A5236A5BF8006CC679 /* GetPostsService.swift in Sources */,
				7E6D85A7236A5DA3006CC679 /* UseCaseImpl.swift in Sources */,
				7E6D8568236A490E006CC679 /* AppDelegate.swift in Sources */,
				7E6D859B236A588B006CC679 /* HomePresenter.swift in Sources */,
				7E6D8598236A5716006CC679 /* PostAttachment.swift in Sources */,
				7E6D8592236A55D2006CC679 /* Author.swift in Sources */,
			);
			runOnlyForDeploymentPostprocessing = 0;
		};
		7E6D8574236A490F006CC679 /* Sources */ = {
			isa = PBXSourcesBuildPhase;
			buildActionMask = 2147483647;
			files = (
				7E6D857D236A490F006CC679 /* TaleBookTests.swift in Sources */,
			);
			runOnlyForDeploymentPostprocessing = 0;
		};
/* End PBXSourcesBuildPhase section */

/* Begin PBXTargetDependency section */
		7E6D857A236A490F006CC679 /* PBXTargetDependency */ = {
			isa = PBXTargetDependency;
			target = 7E6D8563236A490E006CC679 /* TaleBook */;
			targetProxy = 7E6D8579236A490F006CC679 /* PBXContainerItemProxy */;
		};
/* End PBXTargetDependency section */

/* Begin PBXVariantGroup section */
		7E6D856B236A490E006CC679 /* Main.storyboard */ = {
			isa = PBXVariantGroup;
			children = (
				7E6D856C236A490E006CC679 /* Base */,
			);
			name = Main.storyboard;
			sourceTree = "<group>";
		};
		7E6D8570236A490F006CC679 /* LaunchScreen.storyboard */ = {
			isa = PBXVariantGroup;
			children = (
				7E6D8571236A490F006CC679 /* Base */,
			);
			name = LaunchScreen.storyboard;
			sourceTree = "<group>";
		};
/* End PBXVariantGroup section */

/* Begin XCBuildConfiguration section */
		7E6D857F236A490F006CC679 /* Debug */ = {
			isa = XCBuildConfiguration;
			buildSettings = {
				ALWAYS_SEARCH_USER_PATHS = NO;
				CLANG_ANALYZER_NONNULL = YES;
				CLANG_ANALYZER_NUMBER_OBJECT_CONVERSION = YES_AGGRESSIVE;
				CLANG_CXX_LANGUAGE_STANDARD = "gnu++14";
				CLANG_CXX_LIBRARY = "libc++";
				CLANG_ENABLE_MODULES = YES;
				CLANG_ENABLE_OBJC_ARC = YES;
				CLANG_ENABLE_OBJC_WEAK = YES;
				CLANG_WARN_BLOCK_CAPTURE_AUTORELEASING = YES;
				CLANG_WARN_BOOL_CONVERSION = YES;
				CLANG_WARN_COMMA = YES;
				CLANG_WARN_CONSTANT_CONVERSION = YES;
				CLANG_WARN_DEPRECATED_OBJC_IMPLEMENTATIONS = YES;
				CLANG_WARN_DIRECT_OBJC_ISA_USAGE = YES_ERROR;
				CLANG_WARN_DOCUMENTATION_COMMENTS = YES;
				CLANG_WARN_EMPTY_BODY = YES;
				CLANG_WARN_ENUM_CONVERSION = YES;
				CLANG_WARN_INFINITE_RECURSION = YES;
				CLANG_WARN_INT_CONVERSION = YES;
				CLANG_WARN_NON_LITERAL_NULL_CONVERSION = YES;
				CLANG_WARN_OBJC_IMPLICIT_RETAIN_SELF = YES;
				CLANG_WARN_OBJC_LITERAL_CONVERSION = YES;
				CLANG_WARN_OBJC_ROOT_CLASS = YES_ERROR;
				CLANG_WARN_RANGE_LOOP_ANALYSIS = YES;
				CLANG_WARN_STRICT_PROTOTYPES = YES;
				CLANG_WARN_SUSPICIOUS_MOVE = YES;
				CLANG_WARN_UNGUARDED_AVAILABILITY = YES_AGGRESSIVE;
				CLANG_WARN_UNREACHABLE_CODE = YES;
				CLANG_WARN__DUPLICATE_METHOD_MATCH = YES;
				CODE_SIGN_IDENTITY = "iPhone Developer";
				COPY_PHASE_STRIP = NO;
				DEBUG_INFORMATION_FORMAT = dwarf;
				ENABLE_STRICT_OBJC_MSGSEND = YES;
				ENABLE_TESTABILITY = YES;
				GCC_C_LANGUAGE_STANDARD = gnu11;
				GCC_DYNAMIC_NO_PIC = NO;
				GCC_NO_COMMON_BLOCKS = YES;
				GCC_OPTIMIZATION_LEVEL = 0;
				GCC_PREPROCESSOR_DEFINITIONS = (
					"DEBUG=1",
					"$(inherited)",
				);
				GCC_WARN_64_TO_32_BIT_CONVERSION = YES;
				GCC_WARN_ABOUT_RETURN_TYPE = YES_ERROR;
				GCC_WARN_UNDECLARED_SELECTOR = YES;
				GCC_WARN_UNINITIALIZED_AUTOS = YES_AGGRESSIVE;
				GCC_WARN_UNUSED_FUNCTION = YES;
				GCC_WARN_UNUSED_VARIABLE = YES;
				IPHONEOS_DEPLOYMENT_TARGET = 12.4;
				MTL_ENABLE_DEBUG_INFO = INCLUDE_SOURCE;
				MTL_FAST_MATH = YES;
				ONLY_ACTIVE_ARCH = YES;
				SDKROOT = iphoneos;
				SWIFT_ACTIVE_COMPILATION_CONDITIONS = DEBUG;
				SWIFT_OPTIMIZATION_LEVEL = "-Onone";
			};
			name = Debug;
		};
		7E6D8580236A490F006CC679 /* Release */ = {
			isa = XCBuildConfiguration;
			buildSettings = {
				ALWAYS_SEARCH_USER_PATHS = NO;
				CLANG_ANALYZER_NONNULL = YES;
				CLANG_ANALYZER_NUMBER_OBJECT_CONVERSION = YES_AGGRESSIVE;
				CLANG_CXX_LANGUAGE_STANDARD = "gnu++14";
				CLANG_CXX_LIBRARY = "libc++";
				CLANG_ENABLE_MODULES = YES;
				CLANG_ENABLE_OBJC_ARC = YES;
				CLANG_ENABLE_OBJC_WEAK = YES;
				CLANG_WARN_BLOCK_CAPTURE_AUTORELEASING = YES;
				CLANG_WARN_BOOL_CONVERSION = YES;
				CLANG_WARN_COMMA = YES;
				CLANG_WARN_CONSTANT_CONVERSION = YES;
				CLANG_WARN_DEPRECATED_OBJC_IMPLEMENTATIONS = YES;
				CLANG_WARN_DIRECT_OBJC_ISA_USAGE = YES_ERROR;
				CLANG_WARN_DOCUMENTATION_COMMENTS = YES;
				CLANG_WARN_EMPTY_BODY = YES;
				CLANG_WARN_ENUM_CONVERSION = YES;
				CLANG_WARN_INFINITE_RECURSION = YES;
				CLANG_WARN_INT_CONVERSION = YES;
				CLANG_WARN_NON_LITERAL_NULL_CONVERSION = YES;
				CLANG_WARN_OBJC_IMPLICIT_RETAIN_SELF = YES;
				CLANG_WARN_OBJC_LITERAL_CONVERSION = YES;
				CLANG_WARN_OBJC_ROOT_CLASS = YES_ERROR;
				CLANG_WARN_RANGE_LOOP_ANALYSIS = YES;
				CLANG_WARN_STRICT_PROTOTYPES = YES;
				CLANG_WARN_SUSPICIOUS_MOVE = YES;
				CLANG_WARN_UNGUARDED_AVAILABILITY = YES_AGGRESSIVE;
				CLANG_WARN_UNREACHABLE_CODE = YES;
				CLANG_WARN__DUPLICATE_METHOD_MATCH = YES;
				CODE_SIGN_IDENTITY = "iPhone Developer";
				COPY_PHASE_STRIP = NO;
				DEBUG_INFORMATION_FORMAT = "dwarf-with-dsym";
				ENABLE_NS_ASSERTIONS = NO;
				ENABLE_STRICT_OBJC_MSGSEND = YES;
				GCC_C_LANGUAGE_STANDARD = gnu11;
				GCC_NO_COMMON_BLOCKS = YES;
				GCC_WARN_64_TO_32_BIT_CONVERSION = YES;
				GCC_WARN_ABOUT_RETURN_TYPE = YES_ERROR;
				GCC_WARN_UNDECLARED_SELECTOR = YES;
				GCC_WARN_UNINITIALIZED_AUTOS = YES_AGGRESSIVE;
				GCC_WARN_UNUSED_FUNCTION = YES;
				GCC_WARN_UNUSED_VARIABLE = YES;
				IPHONEOS_DEPLOYMENT_TARGET = 12.4;
				MTL_ENABLE_DEBUG_INFO = NO;
				MTL_FAST_MATH = YES;
				SDKROOT = iphoneos;
				SWIFT_COMPILATION_MODE = wholemodule;
				SWIFT_OPTIMIZATION_LEVEL = "-O";
				VALIDATE_PRODUCT = YES;
			};
			name = Release;
		};
		7E6D8582236A490F006CC679 /* Debug */ = {
			isa = XCBuildConfiguration;
			baseConfigurationReference = 299894A92DD4B0D02D31AB60 /* Pods-TaleBook.debug.xcconfig */;
			buildSettings = {
				ASSETCATALOG_COMPILER_APPICON_NAME = AppIcon;
				CODE_SIGN_STYLE = Automatic;
				DEVELOPMENT_TEAM = WYWUC4P4DY;
				INFOPLIST_FILE = TaleBook/Info.plist;
				LD_RUNPATH_SEARCH_PATHS = (
					"$(inherited)",
					"@executable_path/Frameworks",
				);
				PRODUCT_BUNDLE_IDENTIFIER = com.anfegu.TaleBook;
				PRODUCT_NAME = "$(TARGET_NAME)";
				SWIFT_VERSION = 5.0;
				TARGETED_DEVICE_FAMILY = "1,2";
			};
			name = Debug;
		};
		7E6D8583236A490F006CC679 /* Release */ = {
			isa = XCBuildConfiguration;
			baseConfigurationReference = 95B987A537EFD56DC4214188 /* Pods-TaleBook.release.xcconfig */;
			buildSettings = {
				ASSETCATALOG_COMPILER_APPICON_NAME = AppIcon;
				CODE_SIGN_STYLE = Automatic;
				DEVELOPMENT_TEAM = WYWUC4P4DY;
				INFOPLIST_FILE = TaleBook/Info.plist;
				LD_RUNPATH_SEARCH_PATHS = (
					"$(inherited)",
					"@executable_path/Frameworks",
				);
				PRODUCT_BUNDLE_IDENTIFIER = com.anfegu.TaleBook;
				PRODUCT_NAME = "$(TARGET_NAME)";
				SWIFT_VERSION = 5.0;
				TARGETED_DEVICE_FAMILY = "1,2";
			};
			name = Release;
		};
		7E6D8585236A490F006CC679 /* Debug */ = {
			isa = XCBuildConfiguration;
			baseConfigurationReference = 24EC787BD9237EDC301A5B94 /* Pods-TaleBookTests.debug.xcconfig */;
			buildSettings = {
				ALWAYS_EMBED_SWIFT_STANDARD_LIBRARIES = YES;
				BUNDLE_LOADER = "$(TEST_HOST)";
				CODE_SIGN_STYLE = Automatic;
				DEVELOPMENT_TEAM = WYWUC4P4DY;
				INFOPLIST_FILE = TaleBookTests/Info.plist;
				LD_RUNPATH_SEARCH_PATHS = (
					"$(inherited)",
					"@executable_path/Frameworks",
					"@loader_path/Frameworks",
				);
				PRODUCT_BUNDLE_IDENTIFIER = com.anfegu.TaleBookTests;
				PRODUCT_NAME = "$(TARGET_NAME)";
				SWIFT_VERSION = 5.0;
				TARGETED_DEVICE_FAMILY = "1,2";
				TEST_HOST = "$(BUILT_PRODUCTS_DIR)/TaleBook.app/TaleBook";
			};
			name = Debug;
		};
		7E6D8586236A490F006CC679 /* Release */ = {
			isa = XCBuildConfiguration;
			baseConfigurationReference = 318D3A2A1DE9E3550F93851F /* Pods-TaleBookTests.release.xcconfig */;
			buildSettings = {
				ALWAYS_EMBED_SWIFT_STANDARD_LIBRARIES = YES;
				BUNDLE_LOADER = "$(TEST_HOST)";
				CODE_SIGN_STYLE = Automatic;
				DEVELOPMENT_TEAM = WYWUC4P4DY;
				INFOPLIST_FILE = TaleBookTests/Info.plist;
				LD_RUNPATH_SEARCH_PATHS = (
					"$(inherited)",
					"@executable_path/Frameworks",
					"@loader_path/Frameworks",
				);
				PRODUCT_BUNDLE_IDENTIFIER = com.anfegu.TaleBookTests;
				PRODUCT_NAME = "$(TARGET_NAME)";
				SWIFT_VERSION = 5.0;
				TARGETED_DEVICE_FAMILY = "1,2";
				TEST_HOST = "$(BUILT_PRODUCTS_DIR)/TaleBook.app/TaleBook";
			};
			name = Release;
		};
/* End XCBuildConfiguration section */

/* Begin XCConfigurationList section */
		7E6D855F236A490E006CC679 /* Build configuration list for PBXProject "TaleBook" */ = {
			isa = XCConfigurationList;
			buildConfigurations = (
				7E6D857F236A490F006CC679 /* Debug */,
				7E6D8580236A490F006CC679 /* Release */,
			);
			defaultConfigurationIsVisible = 0;
			defaultConfigurationName = Release;
		};
		7E6D8581236A490F006CC679 /* Build configuration list for PBXNativeTarget "TaleBook" */ = {
			isa = XCConfigurationList;
			buildConfigurations = (
				7E6D8582236A490F006CC679 /* Debug */,
				7E6D8583236A490F006CC679 /* Release */,
			);
			defaultConfigurationIsVisible = 0;
			defaultConfigurationName = Release;
		};
		7E6D8584236A490F006CC679 /* Build configuration list for PBXNativeTarget "TaleBookTests" */ = {
			isa = XCConfigurationList;
			buildConfigurations = (
				7E6D8585236A490F006CC679 /* Debug */,
				7E6D8586236A490F006CC679 /* Release */,
			);
			defaultConfigurationIsVisible = 0;
			defaultConfigurationName = Release;
		};
/* End XCConfigurationList section */
	};
	rootObject = 7E6D855C236A490E006CC679 /* Project object */;
}
